
Microsoft Visual Studio Solution File, Format Version 12.00
# Visual Studio Version 17
VisualStudioVersion = 17.5.002.0
MinimumVisualStudioVersion = 10.0.40219.1
Project("{9A19103F-16F7-4668-BE54-9A1E7A4F7556}") = "LoggingDemo", "LoggingDemo.csproj", "{ADBC8CFE-A05C-43DA-8BDC-588425D06CA6}"
EndProject
Global
	GlobalSection(SolutionConfigurationPlatforms) = preSolution
		Debug|Any CPU = Debug|Any CPU
		Release|Any CPU = Release|Any CPU
	EndGlobalSection
	GlobalSection(ProjectConfigurationPlatforms) = postSolution
		{ADBC8CFE-A05C-43DA-8BDC-588425D06CA6}.Debug|Any CPU.ActiveCfg = Debug|Any CPU
		{ADBC8CFE-A05C-43DA-8BDC-588425D06CA6}.Debug|Any CPU.Build.0 = Debug|Any CPU
		{ADBC8CFE-A05C-43DA-8BDC-588425D06CA6}.Release|Any CPU.ActiveCfg = Release|Any CPU
		{ADBC8CFE-A05C-43DA-8BDC-588425D06CA6}.Release|Any CPU.Build.0 = Release|Any CPU
	EndGlobalSection
	GlobalSection(SolutionProperties) = preSolution
		HideSolutionNode = FALSE
	EndGlobalSection
	GlobalSection(ExtensibilityGlobals) = postSolution
		SolutionGuid = {4BD54E2A-6B4F-4DEB-B6F6-FF9974C969D8}
	EndGlobalSection
EndGlobal
